<?xml version="1.0" encoding="utf-8"?>
<Project ToolsVersion="4.0" xmlns="http://schemas.microsoft.com/developer/msbuild/2003">
  <ItemGroup>
    <ClCompile Include="Source\ActionBehaviors.cpp" />
    <ClCompile Include="Source\BehaviorTree.cpp" />
    <ClCompile Include="Source\Blackboard.cpp" />
    <ClCompile Include="Source\BTBuilder.cpp" />
    <ClCompile Include="Source\Dll.cpp" />
    <ClCompile Include="Source\ExampleAIModule.cpp" />
    <ClCompile Include="Source\UnitGroup.cpp" />
    <ClCompile Include="Source\ConditionBehaviors.cpp" />
  </ItemGroup>
  <ItemGroup>
    <ClInclude Include="Source\ActionBehaviors.h" />
    <ClInclude Include="Source\BehaviorTree.h" />
    <ClInclude Include="Source\Blackboard.h" />
    <ClInclude Include="Source\BTBuilder.h" />
    <ClInclude Include="Source\ExampleAIModule.h" />
    <ClInclude Include="Source\UnitGroup.h" />
    <ClInclude Include="Source\ConditionBehaviors.h" />
  </ItemGroup>
</Project>